{
  "name": "webgl-node",
  "version": "0.1.0",
  "lockfileVersion": 3,
  "requires": true,
  "packages": {
    "": {
      "name": "webgl-node",
      "version": "0.1.0",
      "license": "MIT",
      "dependencies": {
        "native-gles": "file:../native-gles"
      }
    },
    "../native-gles": {
      "version": "0.3.0",
      "hasInstallScript": true,
      "license": "MIT",
      "dependencies": {
        "tar": "^7.4.3"
      },
      "devDependencies": {
        "node-addon-api": "^8.5.0",
        "node-gyp": "^11.2.0"
      }
    },
    "node_modules/native-gles": {
      "resolved": "../native-gles",
      "link": true
    }
  }
}
